
Microsoft Visual Studio Solution File, Format Version 12.00
# Visual Studio 15
VisualStudioVersion = 15.0.28307.136
MinimumVisualStudioVersion = 10.0.40219.1
Project("{FAE04EC0-301F-11D3-BF4B-00C04F79EFBC}") = "CodeGenerator.Android", "CodeGenerator\CodeGenerator.Android\CodeGenerator.Android.csproj", "{9EBD2DDD-6616-4142-A2B1-EF77F9BE71DC}"
EndProject
Project("{FAE04EC0-301F-11D3-BF4B-00C04F79EFBC}") = "CodeGenerator.iOS", "CodeGenerator\CodeGenerator.iOS\CodeGenerator.iOS.csproj", "{D216A7EE-2146-44C1-BDD4-F53178231AA4}"
EndProject
Project("{FAE04EC0-301F-11D3-BF4B-00C04F79EFBC}") = "CodeGenerator.UWP", "CodeGenerator\CodeGenerator.UWP\CodeGenerator.UWP.csproj", "{BE8557D0-9940-45F5-8020-D0354420D02C}"
EndProject
Project("{9A19103F-16F7-4668-BE54-9A1E7A4F7556}") = "CodeGenerator", "CodeGenerator\CodeGenerator\CodeGenerator.csproj", "{09B706E5-ABE1-4025-ABCD-726E0145B3C8}"
EndProject
Project("{FAE04EC0-301F-11D3-BF4B-00C04F79EFBC}") = "TestCodeGenerator", "TestCodeGenerator\TestCodeGenerator.csproj", "{9EE7A056-FD57-4448-AB3E-15434E5B3873}"
EndProject
Global
	GlobalSection(SolutionConfigurationPlatforms) = preSolution
		Ad-Hoc|Any CPU = Ad-Hoc|Any CPU
		Ad-Hoc|ARM = Ad-Hoc|ARM
		Ad-Hoc|iPhone = Ad-Hoc|iPhone
		Ad-Hoc|iPhoneSimulator = Ad-Hoc|iPhoneSimulator
		Ad-Hoc|x64 = Ad-Hoc|x64
		Ad-Hoc|x86 = Ad-Hoc|x86
		AppStore|Any CPU = AppStore|Any CPU
		AppStore|ARM = AppStore|ARM
		AppStore|iPhone = AppStore|iPhone
		AppStore|iPhoneSimulator = AppStore|iPhoneSimulator
		AppStore|x64 = AppStore|x64
		AppStore|x86 = AppStore|x86
		Debug|Any CPU = Debug|Any CPU
		Debug|ARM = Debug|ARM
		Debug|iPhone = Debug|iPhone
		Debug|iPhoneSimulator = Debug|iPhoneSimulator
		Debug|x64 = Debug|x64
		Debug|x86 = Debug|x86
		Release|Any CPU = Release|Any CPU
		Release|ARM = Release|ARM
		Release|iPhone = Release|iPhone
		Release|iPhoneSimulator = Release|iPhoneSimulator
		Release|x64 = Release|x64
		Release|x86 = Release|x86
	EndGlobalSection
	GlobalSection(ProjectConfigurationPlatforms) = postSolution
		{9EBD2DDD-6616-4142-A2B1-EF77F9BE71DC}.Ad-Hoc|Any CPU.ActiveCfg = Release|Any CPU
		{9EBD2DDD-6616-4142-A2B1-EF77F9BE71DC}.Ad-Hoc|Any CPU.Build.0 = Release|Any CPU
		{9EBD2DDD-6616-4142-A2B1-EF77F9BE71DC}.Ad-Hoc|Any CPU.Deploy.0 = Release|Any CPU
		{9EBD2DDD-6616-4142-A2B1-EF77F9BE71DC}.Ad-Hoc|ARM.ActiveCfg = Release|Any CPU
		{9EBD2DDD-6616-4142-A2B1-EF77F9BE71DC}.Ad-Hoc|ARM.Build.0 = Release|Any CPU
		{9EBD2DDD-6616-4142-A2B1-EF77F9BE71DC}.Ad-Hoc|ARM.Deploy.0 = Release|Any CPU
		{9EBD2DDD-6616-4142-A2B1-EF77F9BE71DC}.Ad-Hoc|iPhone.ActiveCfg = Release|Any CPU
		{9EBD2DDD-6616-4142-A2B1-EF77F9BE71DC}.Ad-Hoc|iPhone.Build.0 = Release|Any CPU
		{9EBD2DDD-6616-4142-A2B1-EF77F9BE71DC}.Ad-Hoc|iPhone.Deploy.0 = Release|Any CPU
		{9EBD2DDD-6616-4142-A2B1-EF77F9BE71DC}.Ad-Hoc|iPhoneSimulator.ActiveCfg = Release|Any CPU
		{9EBD2DDD-6616-4142-A2B1-EF77F9BE71DC}.Ad-Hoc|iPhoneSimulator.Build.0 = Release|Any CPU
		{9EBD2DDD-6616-4142-A2B1-EF77F9BE71DC}.Ad-Hoc|iPhoneSimulator.Deploy.0 = Release|Any CPU
		{9EBD2DDD-6616-4142-A2B1-EF77F9BE71DC}.Ad-Hoc|x64.ActiveCfg = Release|Any CPU
		{9EBD2DDD-6616-4142-A2B1-EF77F9BE71DC}.Ad-Hoc|x64.Build.0 = Release|Any CPU
		{9EBD2DDD-6616-4142-A2B1-EF77F9BE71DC}.Ad-Hoc|x64.Deploy.0 = Release|Any CPU
		{9EBD2DDD-6616-4142-A2B1-EF77F9BE71DC}.Ad-Hoc|x86.ActiveCfg = Release|Any CPU
		{9EBD2DDD-6616-4142-A2B1-EF77F9BE71DC}.Ad-Hoc|x86.Build.0 = Release|Any CPU
		{9EBD2DDD-6616-4142-A2B1-EF77F9BE71DC}.Ad-Hoc|x86.Deploy.0 = Release|Any CPU
		{9EBD2DDD-6616-4142-A2B1-EF77F9BE71DC}.AppStore|Any CPU.ActiveCfg = Release|Any CPU
		{9EBD2DDD-6616-4142-A2B1-EF77F9BE71DC}.AppStore|Any CPU.Build.0 = Release|Any CPU
		{9EBD2DDD-6616-4142-A2B1-EF77F9BE71DC}.AppStore|Any CPU.Deploy.0 = Release|Any CPU
		{9EBD2DDD-6616-4142-A2B1-EF77F9BE71DC}.AppStore|ARM.ActiveCfg = Release|Any CPU
		{9EBD2DDD-6616-4142-A2B1-EF77F9BE71DC}.AppStore|ARM.Build.0 = Release|Any CPU
		{9EBD2DDD-6616-4142-A2B1-EF77F9BE71DC}.AppStore|ARM.Deploy.0 = Release|Any CPU
		{9EBD2DDD-6616-4142-A2B1-EF77F9BE71DC}.AppStore|iPhone.ActiveCfg = Release|Any CPU
		{9EBD2DDD-6616-4142-A2B1-EF77F9BE71DC}.AppStore|iPhone.Build.0 = Release|Any CPU
		{9EBD2DDD-6616-4142-A2B1-EF77F9BE71DC}.AppStore|iPhone.Deploy.0 = Release|Any CPU
		{9EBD2DDD-6616-4142-A2B1-EF77F9BE71DC}.AppStore|iPhoneSimulator.ActiveCfg = Release|Any CPU
		{9EBD2DDD-6616-4142-A2B1-EF77F9BE71DC}.AppStore|iPhoneSimulator.Build.0 = Release|Any CPU
		{9EBD2DDD-6616-4142-A2B1-EF77F9BE71DC}.AppStore|iPhoneSimulator.Deploy.0 = Release|Any CPU
		{9EBD2DDD-6616-4142-A2B1-EF77F9BE71DC}.AppStore|x64.ActiveCfg = Release|Any CPU
		{9EBD2DDD-6616-4142-A2B1-EF77F9BE71DC}.AppStore|x64.Build.0 = Release|Any CPU
		{9EBD2DDD-6616-4142-A2B1-EF77F9BE71DC}.AppStore|x64.Deploy.0 = Release|Any CPU
		{9EBD2DDD-6616-4142-A2B1-EF77F9BE71DC}.AppStore|x86.ActiveCfg = Release|Any CPU
		{9EBD2DDD-6616-4142-A2B1-EF77F9BE71DC}.AppStore|x86.Build.0 = Release|Any CPU
		{9EBD2DDD-6616-4142-A2B1-EF77F9BE71DC}.AppStore|x86.Deploy.0 = Release|Any CPU
		{9EBD2DDD-6616-4142-A2B1-EF77F9BE71DC}.Debug|Any CPU.ActiveCfg = Debug|Any CPU
		{9EBD2DDD-6616-4142-A2B1-EF77F9BE71DC}.Debug|Any CPU.Build.0 = Debug|Any CPU
		{9EBD2DDD-6616-4142-A2B1-EF77F9BE71DC}.Debug|Any CPU.Deploy.0 = Debug|Any CPU
		{9EBD2DDD-6616-4142-A2B1-EF77F9BE71DC}.Debug|ARM.ActiveCfg = Debug|Any CPU
		{9EBD2DDD-6616-4142-A2B1-EF77F9BE71DC}.Debug|ARM.Build.0 = Debug|Any CPU
		{9EBD2DDD-6616-4142-A2B1-EF77F9BE71DC}.Debug|ARM.Deploy.0 = Debug|Any CPU
		{9EBD2DDD-6616-4142-A2B1-EF77F9BE71DC}.Debug|iPhone.ActiveCfg = Debug|Any CPU
		{9EBD2DDD-6616-4142-A2B1-EF77F9BE71DC}.Debug|iPhone.Build.0 = Debug|Any CPU
		{9EBD2DDD-6616-4142-A2B1-EF77F9BE71DC}.Debug|iPhone.Deploy.0 = Debug|Any CPU
		{9EBD2DDD-6616-4142-A2B1-EF77F9BE71DC}.Debug|iPhoneSimulator.ActiveCfg = Debug|Any CPU
		{9EBD2DDD-6616-4142-A2B1-EF77F9BE71DC}.Debug|iPhoneSimulator.Build.0 = Debug|Any CPU
		{9EBD2DDD-6616-4142-A2B1-EF77F9BE71DC}.Debug|iPhoneSimulator.Deploy.0 = Debug|Any CPU
		{9EBD2DDD-6616-4142-A2B1-EF77F9BE71DC}.Debug|x64.ActiveCfg = Debug|Any CPU
		{9EBD2DDD-6616-4142-A2B1-EF77F9BE71DC}.Debug|x64.Build.0 = Debug|Any CPU
		{9EBD2DDD-6616-4142-A2B1-EF77F9BE71DC}.Debug|x64.Deploy.0 = Debug|Any CPU
		{9EBD2DDD-6616-4142-A2B1-EF77F9BE71DC}.Debug|x86.ActiveCfg = Debug|Any CPU
		{9EBD2DDD-6616-4142-A2B1-EF77F9BE71DC}.Debug|x86.Build.0 = Debug|Any CPU
		{9EBD2DDD-6616-4142-A2B1-EF77F9BE71DC}.Debug|x86.Deploy.0 = Debug|Any CPU
		{9EBD2DDD-6616-4142-A2B1-EF77F9BE71DC}.Release|Any CPU.ActiveCfg = Release|Any CPU
		{9EBD2DDD-6616-4142-A2B1-EF77F9BE71DC}.Release|Any CPU.Build.0 = Release|Any CPU
		{9EBD2DDD-6616-4142-A2B1-EF77F9BE71DC}.Release|Any CPU.Deploy.0 = Release|Any CPU
		{9EBD2DDD-6616-4142-A2B1-EF77F9BE71DC}.Release|ARM.ActiveCfg = Release|Any CPU
		{9EBD2DDD-6616-4142-A2B1-EF77F9BE71DC}.Release|ARM.Build.0 = Release|Any CPU
		{9EBD2DDD-6616-4142-A2B1-EF77F9BE71DC}.Release|ARM.Deploy.0 = Release|Any CPU
		{9EBD2DDD-6616-4142-A2B1-EF77F9BE71DC}.Release|iPhone.ActiveCfg = Release|Any CPU
		{9EBD2DDD-6616-4142-A2B1-EF77F9BE71DC}.Release|iPhone.Build.0 = Release|Any CPU
		{9EBD2DDD-6616-4142-A2B1-EF77F9BE71DC}.Release|iPhone.Deploy.0 = Release|Any CPU
		{9EBD2DDD-6616-4142-A2B1-EF77F9BE71DC}.Release|iPhoneSimulator.ActiveCfg = Release|Any CPU
		{9EBD2DDD-6616-4142-A2B1-EF77F9BE71DC}.Release|iPhoneSimulator.Build.0 = Release|Any CPU
		{9EBD2DDD-6616-4142-A2B1-EF77F9BE71DC}.Release|iPhoneSimulator.Deploy.0 = Release|Any CPU
		{9EBD2DDD-6616-4142-A2B1-EF77F9BE71DC}.Release|x64.ActiveCfg = Release|Any CPU
		{9EBD2DDD-6616-4142-A2B1-EF77F9BE71DC}.Release|x64.Build.0 = Release|Any CPU
		{9EBD2DDD-6616-4142-A2B1-EF77F9BE71DC}.Release|x64.Deploy.0 = Release|Any CPU
		{9EBD2DDD-6616-4142-A2B1-EF77F9BE71DC}.Release|x86.ActiveCfg = Release|Any CPU
		{9EBD2DDD-6616-4142-A2B1-EF77F9BE71DC}.Release|x86.Build.0 = Release|Any CPU
		{9EBD2DDD-6616-4142-A2B1-EF77F9BE71DC}.Release|x86.Deploy.0 = Release|Any CPU
		{D216A7EE-2146-44C1-BDD4-F53178231AA4}.Ad-Hoc|Any CPU.ActiveCfg = Ad-Hoc|iPhone
		{D216A7EE-2146-44C1-BDD4-F53178231AA4}.Ad-Hoc|Any CPU.Build.0 = Ad-Hoc|iPhone
		{D216A7EE-2146-44C1-BDD4-F53178231AA4}.Ad-Hoc|Any CPU.Deploy.0 = Ad-Hoc|iPhone
		{D216A7EE-2146-44C1-BDD4-F53178231AA4}.Ad-Hoc|ARM.ActiveCfg = Ad-Hoc|iPhone
		{D216A7EE-2146-44C1-BDD4-F53178231AA4}.Ad-Hoc|ARM.Build.0 = Ad-Hoc|iPhone
		{D216A7EE-2146-44C1-BDD4-F53178231AA4}.Ad-Hoc|ARM.Deploy.0 = Ad-Hoc|iPhone
		{D216A7EE-2146-44C1-BDD4-F53178231AA4}.Ad-Hoc|iPhone.ActiveCfg = Ad-Hoc|iPhone
		{D216A7EE-2146-44C1-BDD4-F53178231AA4}.Ad-Hoc|iPhone.Build.0 = Ad-Hoc|iPhone
		{D216A7EE-2146-44C1-BDD4-F53178231AA4}.Ad-Hoc|iPhone.Deploy.0 = Ad-Hoc|iPhone
		{D216A7EE-2146-44C1-BDD4-F53178231AA4}.Ad-Hoc|iPhoneSimulator.ActiveCfg = Ad-Hoc|iPhoneSimulator
		{D216A7EE-2146-44C1-BDD4-F53178231AA4}.Ad-Hoc|iPhoneSimulator.Build.0 = Ad-Hoc|iPhoneSimulator
		{D216A7EE-2146-44C1-BDD4-F53178231AA4}.Ad-Hoc|iPhoneSimulator.Deploy.0 = Ad-Hoc|iPhoneSimulator
		{D216A7EE-2146-44C1-BDD4-F53178231AA4}.Ad-Hoc|x64.ActiveCfg = Ad-Hoc|iPhone
		{D216A7EE-2146-44C1-BDD4-F53178231AA4}.Ad-Hoc|x64.Build.0 = Ad-Hoc|iPhone
		{D216A7EE-2146-44C1-BDD4-F53178231AA4}.Ad-Hoc|x64.Deploy.0 = Ad-Hoc|iPhone
		{D216A7EE-2146-44C1-BDD4-F53178231AA4}.Ad-Hoc|x86.ActiveCfg = Ad-Hoc|iPhone
		{D216A7EE-2146-44C1-BDD4-F53178231AA4}.Ad-Hoc|x86.Build.0 = Ad-Hoc|iPhone
		{D216A7EE-2146-44C1-BDD4-F53178231AA4}.Ad-Hoc|x86.Deploy.0 = Ad-Hoc|iPhone
		{D216A7EE-2146-44C1-BDD4-F53178231AA4}.AppStore|Any CPU.ActiveCfg = AppStore|iPhone
		{D216A7EE-2146-44C1-BDD4-F53178231AA4}.AppStore|Any CPU.Build.0 = AppStore|iPhone
		{D216A7EE-2146-44C1-BDD4-F53178231AA4}.AppStore|Any CPU.Deploy.0 = AppStore|iPhone
		{D216A7EE-2146-44C1-BDD4-F53178231AA4}.AppStore|ARM.ActiveCfg = AppStore|iPhone
		{D216A7EE-2146-44C1-BDD4-F53178231AA4}.AppStore|ARM.Build.0 = AppStore|iPhone
		{D216A7EE-2146-44C1-BDD4-F53178231AA4}.AppStore|ARM.Deploy.0 = AppStore|iPhone
		{D216A7EE-2146-44C1-BDD4-F53178231AA4}.AppStore|iPhone.ActiveCfg = AppStore|iPhone
		{D216A7EE-2146-44C1-BDD4-F53178231AA4}.AppStore|iPhone.Build.0 = AppStore|iPhone
		{D216A7EE-2146-44C1-BDD4-F53178231AA4}.AppStore|iPhone.Deploy.0 = AppStore|iPhone
		{D216A7EE-2146-44C1-BDD4-F53178231AA4}.AppStore|iPhoneSimulator.ActiveCfg = AppStore|iPhoneSimulator
		{D216A7EE-2146-44C1-BDD4-F53178231AA4}.AppStore|iPhoneSimulator.Build.0 = AppStore|iPhoneSimulator
		{D216A7EE-2146-44C1-BDD4-F53178231AA4}.AppStore|iPhoneSimulator.Deploy.0 = AppStore|iPhoneSimulator
		{D216A7EE-2146-44C1-BDD4-F53178231AA4}.AppStore|x64.ActiveCfg = AppStore|iPhone
		{D216A7EE-2146-44C1-BDD4-F53178231AA4}.AppStore|x64.Build.0 = AppStore|iPhone
		{D216A7EE-2146-44C1-BDD4-F53178231AA4}.AppStore|x64.Deploy.0 = AppStore|iPhone
		{D216A7EE-2146-44C1-BDD4-F53178231AA4}.AppStore|x86.ActiveCfg = AppStore|iPhone
		{D216A7EE-2146-44C1-BDD4-F53178231AA4}.AppStore|x86.Build.0 = AppStore|iPhone
		{D216A7EE-2146-44C1-BDD4-F53178231AA4}.AppStore|x86.Deploy.0 = AppStore|iPhone
		{D216A7EE-2146-44C1-BDD4-F53178231AA4}.Debug|Any CPU.ActiveCfg = Debug|iPhoneSimulator
		{D216A7EE-2146-44C1-BDD4-F53178231AA4}.Debug|Any CPU.Build.0 = Debug|iPhoneSimulator
		{D216A7EE-2146-44C1-BDD4-F53178231AA4}.Debug|Any CPU.Deploy.0 = Debug|iPhoneSimulator
		{D216A7EE-2146-44C1-BDD4-F53178231AA4}.Debug|ARM.ActiveCfg = Debug|iPhone
		{D216A7EE-2146-44C1-BDD4-F53178231AA4}.Debug|ARM.Build.0 = Debug|iPhone
		{D216A7EE-2146-44C1-BDD4-F53178231AA4}.Debug|ARM.Deploy.0 = Debug|iPhone
		{D216A7EE-2146-44C1-BDD4-F53178231AA4}.Debug|iPhone.ActiveCfg = Debug|iPhone
		{D216A7EE-2146-44C1-BDD4-F53178231AA4}.Debug|iPhone.Build.0 = Debug|iPhone
		{D216A7EE-2146-44C1-BDD4-F53178231AA4}.Debug|iPhone.Deploy.0 = Debug|iPhone
		{D216A7EE-2146-44C1-BDD4-F53178231AA4}.Debug|iPhoneSimulator.ActiveCfg = Debug|iPhoneSimulator
		{D216A7EE-2146-44C1-BDD4-F53178231AA4}.Debug|iPhoneSimulator.Build.0 = Debug|iPhoneSimulator
		{D216A7EE-2146-44C1-BDD4-F53178231AA4}.Debug|iPhoneSimulator.Deploy.0 = Debug|iPhoneSimulator
		{D216A7EE-2146-44C1-BDD4-F53178231AA4}.Debug|x64.ActiveCfg = Debug|iPhone
		{D216A7EE-2146-44C1-BDD4-F53178231AA4}.Debug|x64.Build.0 = Debug|iPhone
		{D216A7EE-2146-44C1-BDD4-F53178231AA4}.Debug|x64.Deploy.0 = Debug|iPhone
		{D216A7EE-2146-44C1-BDD4-F53178231AA4}.Debug|x86.ActiveCfg = Debug|iPhone
		{D216A7EE-2146-44C1-BDD4-F53178231AA4}.Debug|x86.Build.0 = Debug|iPhone
		{D216A7EE-2146-44C1-BDD4-F53178231AA4}.Debug|x86.Deploy.0 = Debug|iPhone
		{D216A7EE-2146-44C1-BDD4-F53178231AA4}.Release|Any CPU.ActiveCfg = Release|iPhone
		{D216A7EE-2146-44C1-BDD4-F53178231AA4}.Release|Any CPU.Build.0 = Release|iPhone
		{D216A7EE-2146-44C1-BDD4-F53178231AA4}.Release|Any CPU.Deploy.0 = Release|iPhone
		{D216A7EE-2146-44C1-BDD4-F53178231AA4}.Release|ARM.ActiveCfg = Release|iPhone
		{D216A7EE-2146-44C1-BDD4-F53178231AA4}.Release|ARM.Build.0 = Release|iPhone
		{D216A7EE-2146-44C1-BDD4-F53178231AA4}.Release|ARM.Deploy.0 = Release|iPhone
		{D216A7EE-2146-44C1-BDD4-F53178231AA4}.Release|iPhone.ActiveCfg = Release|iPhone
		{D216A7EE-2146-44C1-BDD4-F53178231AA4}.Release|iPhone.Build.0 = Release|iPhone
		{D216A7EE-2146-44C1-BDD4-F53178231AA4}.Release|iPhone.Deploy.0 = Release|iPhone
		{D216A7EE-2146-44C1-BDD4-F53178231AA4}.Release|iPhoneSimulator.ActiveCfg = Release|iPhoneSimulator
		{D216A7EE-2146-44C1-BDD4-F53178231AA4}.Release|iPhoneSimulator.Build.0 = Release|iPhoneSimulator
		{D216A7EE-2146-44C1-BDD4-F53178231AA4}.Release|iPhoneSimulator.Deploy.0 = Release|iPhoneSimulator
		{D216A7EE-2146-44C1-BDD4-F53178231AA4}.Release|x64.ActiveCfg = Release|iPhone
		{D216A7EE-2146-44C1-BDD4-F53178231AA4}.Release|x64.Build.0 = Release|iPhone
		{D216A7EE-2146-44C1-BDD4-F53178231AA4}.Release|x64.Deploy.0 = Release|iPhone
		{D216A7EE-2146-44C1-BDD4-F53178231AA4}.Release|x86.ActiveCfg = Release|iPhone
		{D216A7EE-2146-44C1-BDD4-F53178231AA4}.Release|x86.Build.0 = Release|iPhone
		{D216A7EE-2146-44C1-BDD4-F53178231AA4}.Release|x86.Deploy.0 = Release|iPhone
		{BE8557D0-9940-45F5-8020-D0354420D02C}.Ad-Hoc|Any CPU.ActiveCfg = Release|x86
		{BE8557D0-9940-45F5-8020-D0354420D02C}.Ad-Hoc|Any CPU.Build.0 = Release|x86
		{BE8557D0-9940-45F5-8020-D0354420D02C}.Ad-Hoc|Any CPU.Deploy.0 = Release|x86
		{BE8557D0-9940-45F5-8020-D0354420D02C}.Ad-Hoc|ARM.ActiveCfg = Release|ARM
		{BE8557D0-9940-45F5-8020-D0354420D02C}.Ad-Hoc|ARM.Build.0 = Release|ARM
		{BE8557D0-9940-45F5-8020-D0354420D02C}.Ad-Hoc|ARM.Deploy.0 = Release|ARM
		{BE8557D0-9940-45F5-8020-D0354420D02C}.Ad-Hoc|iPhone.ActiveCfg = Release|x86
		{BE8557D0-9940-45F5-8020-D0354420D02C}.Ad-Hoc|iPhone.Build.0 = Release|x86
		{BE8557D0-9940-45F5-8020-D0354420D02C}.Ad-Hoc|iPhone.Deploy.0 = Release|x86
		{BE8557D0-9940-45F5-8020-D0354420D02C}.Ad-Hoc|iPhoneSimulator.ActiveCfg = Release|x86
		{BE8557D0-9940-45F5-8020-D0354420D02C}.Ad-Hoc|iPhoneSimulator.Build.0 = Release|x86
		{BE8557D0-9940-45F5-8020-D0354420D02C}.Ad-Hoc|iPhoneSimulator.Deploy.0 = Release|x86
		{BE8557D0-9940-45F5-8020-D0354420D02C}.Ad-Hoc|x64.ActiveCfg = Release|x64
		{BE8557D0-9940-45F5-8020-D0354420D02C}.Ad-Hoc|x64.Build.0 = Release|x64
		{BE8557D0-9940-45F5-8020-D0354420D02C}.Ad-Hoc|x64.Deploy.0 = Release|x64
		{BE8557D0-9940-45F5-8020-D0354420D02C}.Ad-Hoc|x86.ActiveCfg = Release|x86
		{BE8557D0-9940-45F5-8020-D0354420D02C}.Ad-Hoc|x86.Build.0 = Release|x86
		{BE8557D0-9940-45F5-8020-D0354420D02C}.Ad-Hoc|x86.Deploy.0 = Release|x86
		{BE8557D0-9940-45F5-8020-D0354420D02C}.AppStore|Any CPU.ActiveCfg = Release|x86
		{BE8557D0-9940-45F5-8020-D0354420D02C}.AppStore|Any CPU.Build.0 = Release|x86
		{BE8557D0-9940-45F5-8020-D0354420D02C}.AppStore|Any CPU.Deploy.0 = Release|x86
		{BE8557D0-9940-45F5-8020-D0354420D02C}.AppStore|ARM.ActiveCfg = Release|ARM
		{BE8557D0-9940-45F5-8020-D0354420D02C}.AppStore|ARM.Build.0 = Release|ARM
		{BE8557D0-9940-45F5-8020-D0354420D02C}.AppStore|ARM.Deploy.0 = Release|ARM
		{BE8557D0-9940-45F5-8020-D0354420D02C}.AppStore|iPhone.ActiveCfg = Release|x86
		{BE8557D0-9940-45F5-8020-D0354420D02C}.AppStore|iPhone.Build.0 = Release|x86
		{BE8557D0-9940-45F5-8020-D0354420D02C}.AppStore|iPhone.Deploy.0 = Release|x86
		{BE8557D0-9940-45F5-8020-D0354420D02C}.AppStore|iPhoneSimulator.ActiveCfg = Release|x86
		{BE8557D0-9940-45F5-8020-D0354420D02C}.AppStore|iPhoneSimulator.Build.0 = Release|x86
		{BE8557D0-9940-45F5-8020-D0354420D02C}.AppStore|iPhoneSimulator.Deploy.0 = Release|x86
		{BE8557D0-9940-45F5-8020-D0354420D02C}.AppStore|x64.ActiveCfg = Release|x64
		{BE8557D0-9940-45F5-8020-D0354420D02C}.AppStore|x64.Build.0 = Release|x64
		{BE8557D0-9940-45F5-8020-D0354420D02C}.AppStore|x64.Deploy.0 = Release|x64
		{BE8557D0-9940-45F5-8020-D0354420D02C}.AppStore|x86.ActiveCfg = Release|x86
		{BE8557D0-9940-45F5-8020-D0354420D02C}.AppStore|x86.Build.0 = Release|x86
		{BE8557D0-9940-45F5-8020-D0354420D02C}.AppStore|x86.Deploy.0 = Release|x86
		{BE8557D0-9940-45F5-8020-D0354420D02C}.Debug|Any CPU.ActiveCfg = Debug|x86
		{BE8557D0-9940-45F5-8020-D0354420D02C}.Debug|Any CPU.Build.0 = Debug|x86
		{BE8557D0-9940-45F5-8020-D0354420D02C}.Debug|Any CPU.Deploy.0 = Debug|x86
		{BE8557D0-9940-45F5-8020-D0354420D02C}.Debug|ARM.ActiveCfg = Debug|ARM
		{BE8557D0-9940-45F5-8020-D0354420D02C}.Debug|ARM.Build.0 = Debug|ARM
		{BE8557D0-9940-45F5-8020-D0354420D02C}.Debug|ARM.Deploy.0 = Debug|ARM
		{BE8557D0-9940-45F5-8020-D0354420D02C}.Debug|iPhone.ActiveCfg = Debug|x86
		{BE8557D0-9940-45F5-8020-D0354420D02C}.Debug|iPhone.Build.0 = Debug|x86
		{BE8557D0-9940-45F5-8020-D0354420D02C}.Debug|iPhone.Deploy.0 = Debug|x86
		{BE8557D0-9940-45F5-8020-D0354420D02C}.Debug|iPhoneSimulator.ActiveCfg = Debug|x86
		{BE8557D0-9940-45F5-8020-D0354420D02C}.Debug|iPhoneSimulator.Build.0 = Debug|x86
		{BE8557D0-9940-45F5-8020-D0354420D02C}.Debug|iPhoneSimulator.Deploy.0 = Debug|x86
		{BE8557D0-9940-45F5-8020-D0354420D02C}.Debug|x64.ActiveCfg = Debug|x64
		{BE8557D0-9940-45F5-8020-D0354420D02C}.Debug|x64.Build.0 = Debug|x64
		{BE8557D0-9940-45F5-8020-D0354420D02C}.Debug|x64.Deploy.0 = Debug|x64
		{BE8557D0-9940-45F5-8020-D0354420D02C}.Debug|x86.ActiveCfg = Debug|x86
		{BE8557D0-9940-45F5-8020-D0354420D02C}.Debug|x86.Build.0 = Debug|x86
		{BE8557D0-9940-45F5-8020-D0354420D02C}.Debug|x86.Deploy.0 = Debug|x86
		{BE8557D0-9940-45F5-8020-D0354420D02C}.Release|Any CPU.ActiveCfg = Release|x86
		{BE8557D0-9940-45F5-8020-D0354420D02C}.Release|Any CPU.Build.0 = Release|x86
		{BE8557D0-9940-45F5-8020-D0354420D02C}.Release|Any CPU.Deploy.0 = Release|x86
		{BE8557D0-9940-45F5-8020-D0354420D02C}.Release|ARM.ActiveCfg = Release|ARM
		{BE8557D0-9940-45F5-8020-D0354420D02C}.Release|ARM.Build.0 = Release|ARM
		{BE8557D0-9940-45F5-8020-D0354420D02C}.Release|ARM.Deploy.0 = Release|ARM
		{BE8557D0-9940-45F5-8020-D0354420D02C}.Release|iPhone.ActiveCfg = Release|x86
		{BE8557D0-9940-45F5-8020-D0354420D02C}.Release|iPhone.Build.0 = Release|x86
		{BE8557D0-9940-45F5-8020-D0354420D02C}.Release|iPhone.Deploy.0 = Release|x86
		{BE8557D0-9940-45F5-8020-D0354420D02C}.Release|iPhoneSimulator.ActiveCfg = Release|x86
		{BE8557D0-9940-45F5-8020-D0354420D02C}.Release|iPhoneSimulator.Build.0 = Release|x86
		{BE8557D0-9940-45F5-8020-D0354420D02C}.Release|iPhoneSimulator.Deploy.0 = Release|x86
		{BE8557D0-9940-45F5-8020-D0354420D02C}.Release|x64.ActiveCfg = Release|x64
		{BE8557D0-9940-45F5-8020-D0354420D02C}.Release|x64.Build.0 = Release|x64
		{BE8557D0-9940-45F5-8020-D0354420D02C}.Release|x64.Deploy.0 = Release|x64
		{BE8557D0-9940-45F5-8020-D0354420D02C}.Release|x86.ActiveCfg = Release|x86
		{BE8557D0-9940-45F5-8020-D0354420D02C}.Release|x86.Build.0 = Release|x86
		{BE8557D0-9940-45F5-8020-D0354420D02C}.Release|x86.Deploy.0 = Release|x86
		{09B706E5-ABE1-4025-ABCD-726E0145B3C8}.Ad-Hoc|Any CPU.ActiveCfg = Debug|Any CPU
		{09B706E5-ABE1-4025-ABCD-726E0145B3C8}.Ad-Hoc|Any CPU.Build.0 = Debug|Any CPU
		{09B706E5-ABE1-4025-ABCD-726E0145B3C8}.Ad-Hoc|Any CPU.Deploy.0 = Debug|Any CPU
		{09B706E5-ABE1-4025-ABCD-726E0145B3C8}.Ad-Hoc|ARM.ActiveCfg = Debug|Any CPU
		{09B706E5-ABE1-4025-ABCD-726E0145B3C8}.Ad-Hoc|ARM.Build.0 = Debug|Any CPU
		{09B706E5-ABE1-4025-ABCD-726E0145B3C8}.Ad-Hoc|ARM.Deploy.0 = Debug|Any CPU
		{09B706E5-ABE1-4025-ABCD-726E0145B3C8}.Ad-Hoc|iPhone.ActiveCfg = Debug|Any CPU
		{09B706E5-ABE1-4025-ABCD-726E0145B3C8}.Ad-Hoc|iPhone.Build.0 = Debug|Any CPU
		{09B706E5-ABE1-4025-ABCD-726E0145B3C8}.Ad-Hoc|iPhone.Deploy.0 = Debug|Any CPU
		{09B706E5-ABE1-4025-ABCD-726E0145B3C8}.Ad-Hoc|iPhoneSimulator.ActiveCfg = Debug|Any CPU
		{09B706E5-ABE1-4025-ABCD-726E0145B3C8}.Ad-Hoc|iPhoneSimulator.Build.0 = Debug|Any CPU
		{09B706E5-ABE1-4025-ABCD-726E0145B3C8}.Ad-Hoc|iPhoneSimulator.Deploy.0 = Debug|Any CPU
		{09B706E5-ABE1-4025-ABCD-726E0145B3C8}.Ad-Hoc|x64.ActiveCfg = Debug|Any CPU
		{09B706E5-ABE1-4025-ABCD-726E0145B3C8}.Ad-Hoc|x64.Build.0 = Debug|Any CPU
		{09B706E5-ABE1-4025-ABCD-726E0145B3C8}.Ad-Hoc|x64.Deploy.0 = Debug|Any CPU
		{09B706E5-ABE1-4025-ABCD-726E0145B3C8}.Ad-Hoc|x86.ActiveCfg = Debug|Any CPU
		{09B706E5-ABE1-4025-ABCD-726E0145B3C8}.Ad-Hoc|x86.Build.0 = Debug|Any CPU
		{09B706E5-ABE1-4025-ABCD-726E0145B3C8}.Ad-Hoc|x86.Deploy.0 = Debug|Any CPU
		{09B706E5-ABE1-4025-ABCD-726E0145B3C8}.AppStore|Any CPU.ActiveCfg = Debug|Any CPU
		{09B706E5-ABE1-4025-ABCD-726E0145B3C8}.AppStore|Any CPU.Build.0 = Debug|Any CPU
		{09B706E5-ABE1-4025-ABCD-726E0145B3C8}.AppStore|Any CPU.Deploy.0 = Debug|Any CPU
		{09B706E5-ABE1-4025-ABCD-726E0145B3C8}.AppStore|ARM.ActiveCfg = Debug|Any CPU
		{09B706E5-ABE1-4025-ABCD-726E0145B3C8}.AppStore|ARM.Build.0 = Debug|Any CPU
		{09B706E5-ABE1-4025-ABCD-726E0145B3C8}.AppStore|ARM.Deploy.0 = Debug|Any CPU
		{09B706E5-ABE1-4025-ABCD-726E0145B3C8}.AppStore|iPhone.ActiveCfg = Debug|Any CPU
		{09B706E5-ABE1-4025-ABCD-726E0145B3C8}.AppStore|iPhone.Build.0 = Debug|Any CPU
		{09B706E5-ABE1-4025-ABCD-726E0145B3C8}.AppStore|iPhone.Deploy.0 = Debug|Any CPU
		{09B706E5-ABE1-4025-ABCD-726E0145B3C8}.AppStore|iPhoneSimulator.ActiveCfg = Debug|Any CPU
		{09B706E5-ABE1-4025-ABCD-726E0145B3C8}.AppStore|iPhoneSimulator.Build.0 = Debug|Any CPU
		{09B706E5-ABE1-4025-ABCD-726E0145B3C8}.AppStore|iPhoneSimulator.Deploy.0 = Debug|Any CPU
		{09B706E5-ABE1-4025-ABCD-726E0145B3C8}.AppStore|x64.ActiveCfg = Debug|Any CPU
		{09B706E5-ABE1-4025-ABCD-726E0145B3C8}.AppStore|x64.Build.0 = Debug|Any CPU
		{09B706E5-ABE1-4025-ABCD-726E0145B3C8}.AppStore|x64.Deploy.0 = Debug|Any CPU
		{09B706E5-ABE1-4025-ABCD-726E0145B3C8}.AppStore|x86.ActiveCfg = Debug|Any CPU
		{09B706E5-ABE1-4025-ABCD-726E0145B3C8}.AppStore|x86.Build.0 = Debug|Any CPU
		{09B706E5-ABE1-4025-ABCD-726E0145B3C8}.AppStore|x86.Deploy.0 = Debug|Any CPU
		{09B706E5-ABE1-4025-ABCD-726E0145B3C8}.Debug|Any CPU.ActiveCfg = Debug|Any CPU
		{09B706E5-ABE1-4025-ABCD-726E0145B3C8}.Debug|Any CPU.Build.0 = Debug|Any CPU
		{09B706E5-ABE1-4025-ABCD-726E0145B3C8}.Debug|Any CPU.Deploy.0 = Debug|Any CPU
		{09B706E5-ABE1-4025-ABCD-726E0145B3C8}.Debug|ARM.ActiveCfg = Debug|Any CPU
		{09B706E5-ABE1-4025-ABCD-726E0145B3C8}.Debug|ARM.Build.0 = Debug|Any CPU
		{09B706E5-ABE1-4025-ABCD-726E0145B3C8}.Debug|ARM.Deploy.0 = Debug|Any CPU
		{09B706E5-ABE1-4025-ABCD-726E0145B3C8}.Debug|iPhone.ActiveCfg = Debug|Any CPU
		{09B706E5-ABE1-4025-ABCD-726E0145B3C8}.Debug|iPhone.Build.0 = Debug|Any CPU
		{09B706E5-ABE1-4025-ABCD-726E0145B3C8}.Debug|iPhone.Deploy.0 = Debug|Any CPU
		{09B706E5-ABE1-4025-ABCD-726E0145B3C8}.Debug|iPhoneSimulator.ActiveCfg = Debug|Any CPU
		{09B706E5-ABE1-4025-ABCD-726E0145B3C8}.Debug|iPhoneSimulator.Build.0 = Debug|Any CPU
		{09B706E5-ABE1-4025-ABCD-726E0145B3C8}.Debug|iPhoneSimulator.Deploy.0 = Debug|Any CPU
		{09B706E5-ABE1-4025-ABCD-726E0145B3C8}.Debug|x64.ActiveCfg = Debug|Any CPU
		{09B706E5-ABE1-4025-ABCD-726E0145B3C8}.Debug|x64.Build.0 = Debug|Any CPU
		{09B706E5-ABE1-4025-ABCD-726E0145B3C8}.Debug|x64.Deploy.0 = Debug|Any CPU
		{09B706E5-ABE1-4025-ABCD-726E0145B3C8}.Debug|x86.ActiveCfg = Debug|Any CPU
		{09B706E5-ABE1-4025-ABCD-726E0145B3C8}.Debug|x86.Build.0 = Debug|Any CPU
		{09B706E5-ABE1-4025-ABCD-726E0145B3C8}.Debug|x86.Deploy.0 = Debug|Any CPU
		{09B706E5-ABE1-4025-ABCD-726E0145B3C8}.Release|Any CPU.ActiveCfg = Release|Any CPU
		{09B706E5-ABE1-4025-ABCD-726E0145B3C8}.Release|Any CPU.Build.0 = Release|Any CPU
		{09B706E5-ABE1-4025-ABCD-726E0145B3C8}.Release|Any CPU.Deploy.0 = Release|Any CPU
		{09B706E5-ABE1-4025-ABCD-726E0145B3C8}.Release|ARM.ActiveCfg = Release|Any CPU
		{09B706E5-ABE1-4025-ABCD-726E0145B3C8}.Release|ARM.Build.0 = Release|Any CPU
		{09B706E5-ABE1-4025-ABCD-726E0145B3C8}.Release|ARM.Deploy.0 = Release|Any CPU
		{09B706E5-ABE1-4025-ABCD-726E0145B3C8}.Release|iPhone.ActiveCfg = Release|Any CPU
		{09B706E5-ABE1-4025-ABCD-726E0145B3C8}.Release|iPhone.Build.0 = Release|Any CPU
		{09B706E5-ABE1-4025-ABCD-726E0145B3C8}.Release|iPhone.Deploy.0 = Release|Any CPU
		{09B706E5-ABE1-4025-ABCD-726E0145B3C8}.Release|iPhoneSimulator.ActiveCfg = Release|Any CPU
		{09B706E5-ABE1-4025-ABCD-726E0145B3C8}.Release|iPhoneSimulator.Build.0 = Release|Any CPU
		{09B706E5-ABE1-4025-ABCD-726E0145B3C8}.Release|iPhoneSimulator.Deploy.0 = Release|Any CPU
		{09B706E5-ABE1-4025-ABCD-726E0145B3C8}.Release|x64.ActiveCfg = Release|Any CPU
		{09B706E5-ABE1-4025-ABCD-726E0145B3C8}.Release|x64.Build.0 = Release|Any CPU
		{09B706E5-ABE1-4025-ABCD-726E0145B3C8}.Release|x64.Deploy.0 = Release|Any CPU
		{09B706E5-ABE1-4025-ABCD-726E0145B3C8}.Release|x86.ActiveCfg = Release|Any CPU
		{09B706E5-ABE1-4025-ABCD-726E0145B3C8}.Release|x86.Build.0 = Release|Any CPU
		{09B706E5-ABE1-4025-ABCD-726E0145B3C8}.Release|x86.Deploy.0 = Release|Any CPU
		{9EE7A056-FD57-4448-AB3E-15434E5B3873}.Ad-Hoc|Any CPU.ActiveCfg = Debug|Any CPU
		{9EE7A056-FD57-4448-AB3E-15434E5B3873}.Ad-Hoc|Any CPU.Build.0 = Debug|Any CPU
		{9EE7A056-FD57-4448-AB3E-15434E5B3873}.Ad-Hoc|ARM.ActiveCfg = Debug|Any CPU
		{9EE7A056-FD57-4448-AB3E-15434E5B3873}.Ad-Hoc|ARM.Build.0 = Debug|Any CPU
		{9EE7A056-FD57-4448-AB3E-15434E5B3873}.Ad-Hoc|iPhone.ActiveCfg = Debug|Any CPU
		{9EE7A056-FD57-4448-AB3E-15434E5B3873}.Ad-Hoc|iPhone.Build.0 = Debug|Any CPU
		{9EE7A056-FD57-4448-AB3E-15434E5B3873}.Ad-Hoc|iPhoneSimulator.ActiveCfg = Debug|Any CPU
		{9EE7A056-FD57-4448-AB3E-15434E5B3873}.Ad-Hoc|iPhoneSimulator.Build.0 = Debug|Any CPU
		{9EE7A056-FD57-4448-AB3E-15434E5B3873}.Ad-Hoc|x64.ActiveCfg = Debug|Any CPU
		{9EE7A056-FD57-4448-AB3E-15434E5B3873}.Ad-Hoc|x64.Build.0 = Debug|Any CPU
		{9EE7A056-FD57-4448-AB3E-15434E5B3873}.Ad-Hoc|x86.ActiveCfg = Debug|Any CPU
		{9EE7A056-FD57-4448-AB3E-15434E5B3873}.Ad-Hoc|x86.Build.0 = Debug|Any CPU
		{9EE7A056-FD57-4448-AB3E-15434E5B3873}.AppStore|Any CPU.ActiveCfg = Debug|Any CPU
		{9EE7A056-FD57-4448-AB3E-15434E5B3873}.AppStore|Any CPU.Build.0 = Debug|Any CPU
		{9EE7A056-FD57-4448-AB3E-15434E5B3873}.AppStore|ARM.ActiveCfg = Debug|Any CPU
		{9EE7A056-FD57-4448-AB3E-15434E5B3873}.AppStore|ARM.Build.0 = Debug|Any CPU
		{9EE7A056-FD57-4448-AB3E-15434E5B3873}.AppStore|iPhone.ActiveCfg = Debug|Any CPU
		{9EE7A056-FD57-4448-AB3E-15434E5B3873}.AppStore|iPhone.Build.0 = Debug|Any CPU
		{9EE7A056-FD57-4448-AB3E-15434E5B3873}.AppStore|iPhoneSimulator.ActiveCfg = Debug|Any CPU
		{9EE7A056-FD57-4448-AB3E-15434E5B3873}.AppStore|iPhoneSimulator.Build.0 = Debug|Any CPU
		{9EE7A056-FD57-4448-AB3E-15434E5B3873}.AppStore|x64.ActiveCfg = Debug|Any CPU
		{9EE7A056-FD57-4448-AB3E-15434E5B3873}.AppStore|x64.Build.0 = Debug|Any CPU
		{9EE7A056-FD57-4448-AB3E-15434E5B3873}.AppStore|x86.ActiveCfg = Debug|Any CPU
		{9EE7A056-FD57-4448-AB3E-15434E5B3873}.AppStore|x86.Build.0 = Debug|Any CPU
		{9EE7A056-FD57-4448-AB3E-15434E5B3873}.Debug|Any CPU.ActiveCfg = Debug|Any CPU
		{9EE7A056-FD57-4448-AB3E-15434E5B3873}.Debug|Any CPU.Build.0 = Debug|Any CPU
		{9EE7A056-FD57-4448-AB3E-15434E5B3873}.Debug|ARM.ActiveCfg = Debug|Any CPU
		{9EE7A056-FD57-4448-AB3E-15434E5B3873}.Debug|ARM.Build.0 = Debug|Any CPU
		{9EE7A056-FD57-4448-AB3E-15434E5B3873}.Debug|iPhone.ActiveCfg = Debug|Any CPU
		{9EE7A056-FD57-4448-AB3E-15434E5B3873}.Debug|iPhone.Build.0 = Debug|Any CPU
		{9EE7A056-FD57-4448-AB3E-15434E5B3873}.Debug|iPhoneSimulator.ActiveCfg = Debug|Any CPU
		{9EE7A056-FD57-4448-AB3E-15434E5B3873}.Debug|iPhoneSimulator.Build.0 = Debug|Any CPU
		{9EE7A056-FD57-4448-AB3E-15434E5B3873}.Debug|x64.ActiveCfg = Debug|Any CPU
		{9EE7A056-FD57-4448-AB3E-15434E5B3873}.Debug|x64.Build.0 = Debug|Any CPU
		{9EE7A056-FD57-4448-AB3E-15434E5B3873}.Debug|x86.ActiveCfg = Debug|Any CPU
		{9EE7A056-FD57-4448-AB3E-15434E5B3873}.Debug|x86.Build.0 = Debug|Any CPU
		{9EE7A056-FD57-4448-AB3E-15434E5B3873}.Release|Any CPU.ActiveCfg = Release|Any CPU
		{9EE7A056-FD57-4448-AB3E-15434E5B3873}.Release|Any CPU.Build.0 = Release|Any CPU
		{9EE7A056-FD57-4448-AB3E-15434E5B3873}.Release|ARM.ActiveCfg = Release|Any CPU
		{9EE7A056-FD57-4448-AB3E-15434E5B3873}.Release|ARM.Build.0 = Release|Any CPU
		{9EE7A056-FD57-4448-AB3E-15434E5B3873}.Release|iPhone.ActiveCfg = Release|Any CPU
		{9EE7A056-FD57-4448-AB3E-15434E5B3873}.Release|iPhone.Build.0 = Release|Any CPU
		{9EE7A056-FD57-4448-AB3E-15434E5B3873}.Release|iPhoneSimulator.ActiveCfg = Release|Any CPU
		{9EE7A056-FD57-4448-AB3E-15434E5B3873}.Release|iPhoneSimulator.Build.0 = Release|Any CPU
		{9EE7A056-FD57-4448-AB3E-15434E5B3873}.Release|x64.ActiveCfg = Release|Any CPU
		{9EE7A056-FD57-4448-AB3E-15434E5B3873}.Release|x64.Build.0 = Release|Any CPU
		{9EE7A056-FD57-4448-AB3E-15434E5B3873}.Release|x86.ActiveCfg = Release|Any CPU
		{9EE7A056-FD57-4448-AB3E-15434E5B3873}.Release|x86.Build.0 = Release|Any CPU
	EndGlobalSection
	GlobalSection(SolutionProperties) = preSolution
		HideSolutionNode = FALSE
	EndGlobalSection
	GlobalSection(ExtensibilityGlobals) = postSolution
		SolutionGuid = {4FAC9461-977B-4790-A664-EFFC70BF25F8}
	EndGlobalSection
EndGlobal
